
Microsoft Visual Studio Solution File, Format Version 12.00
# Visual Studio Version 17
VisualStudioVersion = 17.1.32414.318
MinimumVisualStudioVersion = 10.0.40219.1
Project("{FAE04EC0-301F-11D3-BF4B-00C04F79EFBC}") = "CBD", "CBD\CBD.csproj", "{C7E9B601-226A-45AF-B683-C6222948B515}"
EndProject
Project("{FAE04EC0-301F-11D3-BF4B-00C04F79EFBC}") = "CBD.Forms", "CBD.Forms\CBD.Forms.csproj", "{5A0615B7-14EE-46BF-BA02-E6EFBD17DABE}"
EndProject
Project("{FAE04EC0-301F-11D3-BF4B-00C04F79EFBC}") = "CBD.Back", "CBD.Back\CBD.Back.csproj", "{49E92AF8-4F88-4D15-96CE-9F093ED2D472}"
EndProject
Project("{FAE04EC0-301F-11D3-BF4B-00C04F79EFBC}") = "CBD.Forms.Tests", "CBD.Forms.Tests\CBD.Forms.Tests.csproj", "{068A4B7A-55AC-41A0-8A5B-C2464D282223}"
EndProject
Global
	GlobalSection(SolutionConfigurationPlatforms) = preSolution
		Debug|Any CPU = Debug|Any CPU
		Release|Any CPU = Release|Any CPU
	EndGlobalSection
	GlobalSection(ProjectConfigurationPlatforms) = postSolution
		{C7E9B601-226A-45AF-B683-C6222948B515}.Debug|Any CPU.ActiveCfg = Debug|Any CPU
		{C7E9B601-226A-45AF-B683-C6222948B515}.Debug|Any CPU.Build.0 = Debug|Any CPU
		{C7E9B601-226A-45AF-B683-C6222948B515}.Release|Any CPU.ActiveCfg = Release|Any CPU
		{C7E9B601-226A-45AF-B683-C6222948B515}.Release|Any CPU.Build.0 = Release|Any CPU
		{5A0615B7-14EE-46BF-BA02-E6EFBD17DABE}.Debug|Any CPU.ActiveCfg = Debug|Any CPU
		{5A0615B7-14EE-46BF-BA02-E6EFBD17DABE}.Debug|Any CPU.Build.0 = Debug|Any CPU
		{5A0615B7-14EE-46BF-BA02-E6EFBD17DABE}.Release|Any CPU.ActiveCfg = Release|Any CPU
		{5A0615B7-14EE-46BF-BA02-E6EFBD17DABE}.Release|Any CPU.Build.0 = Release|Any CPU
		{49E92AF8-4F88-4D15-96CE-9F093ED2D472}.Debug|Any CPU.ActiveCfg = Debug|Any CPU
		{49E92AF8-4F88-4D15-96CE-9F093ED2D472}.Debug|Any CPU.Build.0 = Debug|Any CPU
		{49E92AF8-4F88-4D15-96CE-9F093ED2D472}.Release|Any CPU.ActiveCfg = Release|Any CPU
		{49E92AF8-4F88-4D15-96CE-9F093ED2D472}.Release|Any CPU.Build.0 = Release|Any CPU
		{068A4B7A-55AC-41A0-8A5B-C2464D282223}.Debug|Any CPU.ActiveCfg = Debug|Any CPU
		{068A4B7A-55AC-41A0-8A5B-C2464D282223}.Debug|Any CPU.Build.0 = Debug|Any CPU
		{068A4B7A-55AC-41A0-8A5B-C2464D282223}.Release|Any CPU.ActiveCfg = Release|Any CPU
		{068A4B7A-55AC-41A0-8A5B-C2464D282223}.Release|Any CPU.Build.0 = Release|Any CPU
	EndGlobalSection
	GlobalSection(SolutionProperties) = preSolution
		HideSolutionNode = FALSE
	EndGlobalSection
	GlobalSection(ExtensibilityGlobals) = postSolution
		SolutionGuid = {E6107346-3975-4A65-815A-A4FD91318BCD}
	EndGlobalSection
EndGlobal
